// !$*UTF8*$!
{
	archiveVersion = 1;
	classes = {
	};
	objectVersion = 55;
	objects = {

/* Begin PBXBuildFile section */
		9904CBC62969219F007CF40D /* FirmwareUpgrade.m in Sources */ = {isa = PBXBuildFile; fileRef = 9904CBC52969219F007CF40D /* FirmwareUpgrade.m */; };
		991C631729501426002098DE /* SelectDevice.m in Sources */ = {isa = PBXBuildFile; fileRef = 991C631629501426002098DE /* SelectDevice.m */; };
		99442909294FFA320086ACA0 /* AppDelegate.m in Sources */ = {isa = PBXBuildFile; fileRef = 99442908294FFA320086ACA0 /* AppDelegate.m */; };
		99442912294FFA320086ACA0 /* Main.storyboard in Resources */ = {isa = PBXBuildFile; fileRef = 99442910294FFA320086ACA0 /* Main.storyboard */; };
		99442914294FFA340086ACA0 /* Assets.xcassets in Resources */ = {isa = PBXBuildFile; fileRef = 99442913294FFA340086ACA0 /* Assets.xcassets */; };
		99442917294FFA340086ACA0 /* LaunchScreen.storyboard in Resources */ = {isa = PBXBuildFile; fileRef = 99442915294FFA340086ACA0 /* LaunchScreen.storyboard */; };
		9944291A294FFA340086ACA0 /* main.m in Sources */ = {isa = PBXBuildFile; fileRef = 99442919294FFA340086ACA0 /* main.m */; };
		99EC4389295A80F5007408C2 /* SmartDevice.m in Sources */ = {isa = PBXBuildFile; fileRef = 99EC4388295A80F5007408C2 /* SmartDevice.m */; };
		99EC438F295AE598007408C2 /* SmartProtocol.m in Sources */ = {isa = PBXBuildFile; fileRef = 99EC438E295AE598007408C2 /* SmartProtocol.m */; };
/* End PBXBuildFile section */

/* Begin PBXFileReference section */
		9904CBC52969219F007CF40D /* FirmwareUpgrade.m */ = {isa = PBXFileReference; lastKnownFileType = sourcecode.c.objc; name = FirmwareUpgrade.m; path = ViewController/FirmwareUpgrade.m; sourceTree = "<group>"; };
		9904CBC7296921E2007CF40D /* FirmwareUpgrade.h */ = {isa = PBXFileReference; lastKnownFileType = sourcecode.c.h; path = FirmwareUpgrade.h; sourceTree = "<group>"; };
		991C631529501426002098DE /* SelectDevice.h */ = {isa = PBXFileReference; fileEncoding = 4; lastKnownFileType = sourcecode.c.h; name = SelectDevice.h; path = ViewController/SelectDevice.h; sourceTree = "<group>"; };
		991C631629501426002098DE /* SelectDevice.m */ = {isa = PBXFileReference; fileEncoding = 4; lastKnownFileType = sourcecode.c.objc; name = SelectDevice.m; path = ViewController/SelectDevice.m; sourceTree = "<group>"; };
		99442904294FFA320086ACA0 /* SmartTools.app */ = {isa = PBXFileReference; explicitFileType = wrapper.application; includeInIndex = 0; path = SmartTools.app; sourceTree = BUILT_PRODUCTS_DIR; };
		99442907294FFA320086ACA0 /* AppDelegate.h */ = {isa = PBXFileReference; lastKnownFileType = sourcecode.c.h; path = AppDelegate.h; sourceTree = "<group>"; };
		99442908294FFA320086ACA0 /* AppDelegate.m */ = {isa = PBXFileReference; lastKnownFileType = sourcecode.c.objc; path = AppDelegate.m; sourceTree = "<group>"; };
		99442911294FFA320086ACA0 /* Base */ = {isa = PBXFileReference; lastKnownFileType = file.storyboard; name = Base; path = Base.lproj/Main.storyboard; sourceTree = "<group>"; };
		99442913294FFA340086ACA0 /* Assets.xcassets */ = {isa = PBXFileReference; lastKnownFileType = folder.assetcatalog; path = Assets.xcassets; sourceTree = "<group>"; };
		99442916294FFA340086ACA0 /* Base */ = {isa = PBXFileReference; lastKnownFileType = file.storyboard; name = Base; path = Base.lproj/LaunchScreen.storyboard; sourceTree = "<group>"; };
		99442918294FFA340086ACA0 /* Info.plist */ = {isa = PBXFileReference; lastKnownFileType = text.plist.xml; path = Info.plist; sourceTree = "<group>"; };
		99442919294FFA340086ACA0 /* main.m */ = {isa = PBXFileReference; lastKnownFileType = sourcecode.c.objc; path = main.m; sourceTree = "<group>"; };
		99EC4388295A80F5007408C2 /* SmartDevice.m */ = {isa = PBXFileReference; lastKnownFileType = sourcecode.c.objc; name = SmartDevice.m; path = ViewController/SmartDevice.m; sourceTree = "<group>"; };
		99EC438B295A8566007408C2 /* SmartDevice.h */ = {isa = PBXFileReference; fileEncoding = 4; lastKnownFileType = sourcecode.c.h; name = SmartDevice.h; path = ViewController/SmartDevice.h; sourceTree = "<group>"; };
		99EC438D295AE562007408C2 /* SmartProtocol.h */ = {isa = PBXFileReference; lastKnownFileType = sourcecode.c.h; path = SmartProtocol.h; sourceTree = "<group>"; };
		99EC438E295AE598007408C2 /* SmartProtocol.m */ = {isa = PBXFileReference; lastKnownFileType = sourcecode.c.objc; path = SmartProtocol.m; sourceTree = "<group>"; };
		99EC4390295D6DAA007408C2 /* ProtocolStandard.h */ = {isa = PBXFileReference; lastKnownFileType = sourcecode.c.h; path = ProtocolStandard.h; sourceTree = "<group>"; };
/* End PBXFileReference section */

/* Begin PBXFrameworksBuildPhase section */
		99442901294FFA320086ACA0 /* Frameworks */ = {
			isa = PBXFrameworksBuildPhase;
			buildActionMask = 2147483647;
			files = (
			);
			runOnlyForDeploymentPostprocessing = 0;
		};
/* End PBXFrameworksBuildPhase section */

/* Begin PBXGroup section */
		994428FB294FFA320086ACA0 = {
			isa = PBXGroup;
			children = (
				99442906294FFA320086ACA0 /* SmartTools */,
				99442905294FFA320086ACA0 /* Products */,
			);
			sourceTree = "<group>";
		};
		99442905294FFA320086ACA0 /* Products */ = {
			isa = PBXGroup;
			children = (
				99442904294FFA320086ACA0 /* SmartTools.app */,
			);
			name = Products;
			sourceTree = "<group>";
		};
		99442906294FFA320086ACA0 /* SmartTools */ = {
			isa = PBXGroup;
			children = (
				99442910294FFA320086ACA0 /* Main.storyboard */,
				99C3158A29501210002E8E7E /* ViewController */,
				99EC438C295AC83B007408C2 /* SmartProtocol */,
				99442907294FFA320086ACA0 /* AppDelegate.h */,
				99442908294FFA320086ACA0 /* AppDelegate.m */,
				99442913294FFA340086ACA0 /* Assets.xcassets */,
				99442915294FFA340086ACA0 /* LaunchScreen.storyboard */,
				99442918294FFA340086ACA0 /* Info.plist */,
				99442919294FFA340086ACA0 /* main.m */,
			);
			path = SmartTools;
			sourceTree = "<group>";
		};
		99C3158A29501210002E8E7E /* ViewController */ = {
			isa = PBXGroup;
			children = (
				991C631529501426002098DE /* SelectDevice.h */,
				991C631629501426002098DE /* SelectDevice.m */,
				99EC438B295A8566007408C2 /* SmartDevice.h */,
				99EC4388295A80F5007408C2 /* SmartDevice.m */,
				9904CBC7296921E2007CF40D /* FirmwareUpgrade.h */,
				9904CBC52969219F007CF40D /* FirmwareUpgrade.m */,
			);
			name = ViewController;
			sourceTree = "<group>";
		};
		99EC438C295AC83B007408C2 /* SmartProtocol */ = {
			isa = PBXGroup;
			children = (
				99EC438D295AE562007408C2 /* SmartProtocol.h */,
				99EC438E295AE598007408C2 /* SmartProtocol.m */,
				99EC4390295D6DAA007408C2 /* ProtocolStandard.h */,
			);
			path = SmartProtocol;
			sourceTree = "<group>";
		};
/* End PBXGroup section */

/* Begin PBXNativeTarget section */
		99442903294FFA320086ACA0 /* SmartTools */ = {
			isa = PBXNativeTarget;
			buildConfigurationList = 9944291D294FFA340086ACA0 /* Build configuration list for PBXNativeTarget "SmartTools" */;
			buildPhases = (
				99442900294FFA320086ACA0 /* Sources */,
				99442901294FFA320086ACA0 /* Frameworks */,
				99442902294FFA320086ACA0 /* Resources */,
			);
			buildRules = (
			);
			dependencies = (
			);
			name = SmartTools;
			productName = SmartTools;
			productReference = 99442904294FFA320086ACA0 /* SmartTools.app */;
			productType = "com.apple.product-type.application";
		};
/* End PBXNativeTarget section */

/* Begin PBXProject section */
		994428FC294FFA320086ACA0 /* Project object */ = {
			isa = PBXProject;
			attributes = {
				BuildIndependentTargetsInParallel = 1;
				LastUpgradeCheck = 1320;
				TargetAttributes = {
					99442903294FFA320086ACA0 = {
						CreatedOnToolsVersion = 13.2.1;
					};
				};
			};
			buildConfigurationList = 994428FF294FFA320086ACA0 /* Build configuration list for PBXProject "SmartTools" */;
			compatibilityVersion = "Xcode 13.0";
			developmentRegion = en;
			hasScannedForEncodings = 0;
			knownRegions = (
				en,
				Base,
			);
			mainGroup = 994428FB294FFA320086ACA0;
			productRefGroup = 99442905294FFA320086ACA0 /* Products */;
			projectDirPath = "";
			projectRoot = "";
			targets = (
				99442903294FFA320086ACA0 /* SmartTools */,
			);
		};
/* End PBXProject section */

/* Begin PBXResourcesBuildPhase section */
		99442902294FFA320086ACA0 /* Resources */ = {
			isa = PBXResourcesBuildPhase;
			buildActionMask = 2147483647;
			files = (
				99442917294FFA340086ACA0 /* LaunchScreen.storyboard in Resources */,
				99442914294FFA340086ACA0 /* Assets.xcassets in Resources */,
				99442912294FFA320086ACA0 /* Main.storyboard in Resources */,
			);
			runOnlyForDeploymentPostprocessing = 0;
		};
/* End PBXResourcesBuildPhase section */

/* Begin PBXSourcesBuildPhase section */
		99442900294FFA320086ACA0 /* Sources */ = {
			isa = PBXSourcesBuildPhase;
			buildActionMask = 2147483647;
			files = (
				99EC438F295AE598007408C2 /* SmartProtocol.m in Sources */,
				991C631729501426002098DE /* SelectDevice.m in Sources */,
				99442909294FFA320086ACA0 /* AppDelegate.m in Sources */,
				9944291A294FFA340086ACA0 /* main.m in Sources */,
				99EC4389295A80F5007408C2 /* SmartDevice.m in Sources */,
				9904CBC62969219F007CF40D /* FirmwareUpgrade.m in Sources */,
			);
			runOnlyForDeploymentPostprocessing = 0;
		};
/* End PBXSourcesBuildPhase section */

/* Begin PBXVariantGroup section */
		99442910294FFA320086ACA0 /* Main.storyboard */ = {
			isa = PBXVariantGroup;
			children = (
				99442911294FFA320086ACA0 /* Base */,
			);
			name = Main.storyboard;
			sourceTree = "<group>";
		};
		99442915294FFA340086ACA0 /* LaunchScreen.storyboard */ = {
			isa = PBXVariantGroup;
			children = (
				99442916294FFA340086ACA0 /* Base */,
			);
			name = LaunchScreen.storyboard;
			sourceTree = "<group>";
		};
/* End PBXVariantGroup section */

/* Begin XCBuildConfiguration section */
		9944291B294FFA340086ACA0 /* Debug */ = {
			isa = XCBuildConfiguration;
			buildSettings = {
				ALWAYS_SEARCH_USER_PATHS = NO;
				CLANG_ANALYZER_NONNULL = YES;
				CLANG_ANALYZER_NUMBER_OBJECT_CONVERSION = YES_AGGRESSIVE;
				CLANG_CXX_LANGUAGE_STANDARD = "gnu++17";
				CLANG_CXX_LIBRARY = "libc++";
				CLANG_ENABLE_MODULES = YES;
				CLANG_ENABLE_OBJC_ARC = YES;
				CLANG_ENABLE_OBJC_WEAK = YES;
				CLANG_WARN_BLOCK_CAPTURE_AUTORELEASING = YES;
				CLANG_WARN_BOOL_CONVERSION = YES;
				CLANG_WARN_COMMA = YES;
				CLANG_WARN_CONSTANT_CONVERSION = YES;
				CLANG_WARN_DEPRECATED_OBJC_IMPLEMENTATIONS = YES;
				CLANG_WARN_DIRECT_OBJC_ISA_USAGE = YES_ERROR;
				CLANG_WARN_DOCUMENTATION_COMMENTS = YES;
				CLANG_WARN_EMPTY_BODY = YES;
				CLANG_WARN_ENUM_CONVERSION = YES;
				CLANG_WARN_INFINITE_RECURSION = YES;
				CLANG_WARN_INT_CONVERSION = YES;
				CLANG_WARN_NON_LITERAL_NULL_CONVERSION = YES;
				CLANG_WARN_OBJC_IMPLICIT_RETAIN_SELF = YES;
				CLANG_WARN_OBJC_LITERAL_CONVERSION = YES;
				CLANG_WARN_OBJC_ROOT_CLASS = YES_ERROR;
				CLANG_WARN_QUOTED_INCLUDE_IN_FRAMEWORK_HEADER = YES;
				CLANG_WARN_RANGE_LOOP_ANALYSIS = YES;
				CLANG_WARN_STRICT_PROTOTYPES = YES;
				CLANG_WARN_SUSPICIOUS_MOVE = YES;
				CLANG_WARN_UNGUARDED_AVAILABILITY = YES_AGGRESSIVE;
				CLANG_WARN_UNREACHABLE_CODE = YES;
				CLANG_WARN__DUPLICATE_METHOD_MATCH = YES;
				COPY_PHASE_STRIP = NO;
				DEBUG_INFORMATION_FORMAT = dwarf;
				ENABLE_STRICT_OBJC_MSGSEND = YES;
				ENABLE_TESTABILITY = YES;
				GCC_C_LANGUAGE_STANDARD = gnu11;
				GCC_DYNAMIC_NO_PIC = NO;
				GCC_NO_COMMON_BLOCKS = YES;
				GCC_OPTIMIZATION_LEVEL = 0;
				GCC_PREPROCESSOR_DEFINITIONS = (
					"DEBUG=1",
					"$(inherited)",
				);
				GCC_WARN_64_TO_32_BIT_CONVERSION = YES;
				GCC_WARN_ABOUT_RETURN_TYPE = YES_ERROR;
				GCC_WARN_UNDECLARED_SELECTOR = YES;
				GCC_WARN_UNINITIALIZED_AUTOS = YES_AGGRESSIVE;
				GCC_WARN_UNUSED_FUNCTION = YES;
				GCC_WARN_UNUSED_VARIABLE = YES;
				IPHONEOS_DEPLOYMENT_TARGET = 15.2;
				MTL_ENABLE_DEBUG_INFO = INCLUDE_SOURCE;
				MTL_FAST_MATH = YES;
				ONLY_ACTIVE_ARCH = YES;
				SDKROOT = iphoneos;
			};
			name = Debug;
		};
		9944291C294FFA340086ACA0 /* Release */ = {
			isa = XCBuildConfiguration;
			buildSettings = {
				ALWAYS_SEARCH_USER_PATHS = NO;
				CLANG_ANALYZER_NONNULL = YES;
				CLANG_ANALYZER_NUMBER_OBJECT_CONVERSION = YES_AGGRESSIVE;
				CLANG_CXX_LANGUAGE_STANDARD = "gnu++17";
				CLANG_CXX_LIBRARY = "libc++";
				CLANG_ENABLE_MODULES = YES;
				CLANG_ENABLE_OBJC_ARC = YES;
				CLANG_ENABLE_OBJC_WEAK = YES;
				CLANG_WARN_BLOCK_CAPTURE_AUTORELEASING = YES;
				CLANG_WARN_BOOL_CONVERSION = YES;
				CLANG_WARN_COMMA = YES;
				CLANG_WARN_CONSTANT_CONVERSION = YES;
				CLANG_WARN_DEPRECATED_OBJC_IMPLEMENTATIONS = YES;
				CLANG_WARN_DIRECT_OBJC_ISA_USAGE = YES_ERROR;
				CLANG_WARN_DOCUMENTATION_COMMENTS = YES;
				CLANG_WARN_EMPTY_BODY = YES;
				CLANG_WARN_ENUM_CONVERSION = YES;
				CLANG_WARN_INFINITE_RECURSION = YES;
				CLANG_WARN_INT_CONVERSION = YES;
				CLANG_WARN_NON_LITERAL_NULL_CONVERSION = YES;
				CLANG_WARN_OBJC_IMPLICIT_RETAIN_SELF = YES;
				CLANG_WARN_OBJC_LITERAL_CONVERSION = YES;
				CLANG_WARN_OBJC_ROOT_CLASS = YES_ERROR;
				CLANG_WARN_QUOTED_INCLUDE_IN_FRAMEWORK_HEADER = YES;
				CLANG_WARN_RANGE_LOOP_ANALYSIS = YES;
				CLANG_WARN_STRICT_PROTOTYPES = YES;
				CLANG_WARN_SUSPICIOUS_MOVE = YES;
				CLANG_WARN_UNGUARDED_AVAILABILITY = YES_AGGRESSIVE;
				CLANG_WARN_UNREACHABLE_CODE = YES;
				CLANG_WARN__DUPLICATE_METHOD_MATCH = YES;
				COPY_PHASE_STRIP = NO;
				DEBUG_INFORMATION_FORMAT = "dwarf-with-dsym";
				ENABLE_NS_ASSERTIONS = NO;
				ENABLE_STRICT_OBJC_MSGSEND = YES;
				GCC_C_LANGUAGE_STANDARD = gnu11;
				GCC_NO_COMMON_BLOCKS = YES;
				GCC_WARN_64_TO_32_BIT_CONVERSION = YES;
				GCC_WARN_ABOUT_RETURN_TYPE = YES_ERROR;
				GCC_WARN_UNDECLARED_SELECTOR = YES;
				GCC_WARN_UNINITIALIZED_AUTOS = YES_AGGRESSIVE;
				GCC_WARN_UNUSED_FUNCTION = YES;
				GCC_WARN_UNUSED_VARIABLE = YES;
				IPHONEOS_DEPLOYMENT_TARGET = 15.2;
				MTL_ENABLE_DEBUG_INFO = NO;
				MTL_FAST_MATH = YES;
				SDKROOT = iphoneos;
				VALIDATE_PRODUCT = YES;
			};
			name = Release;
		};
		9944291E294FFA340086ACA0 /* Debug */ = {
			isa = XCBuildConfiguration;
			buildSettings = {
				ASSETCATALOG_COMPILER_APPICON_NAME = AppIcon;
				ASSETCATALOG_COMPILER_GLOBAL_ACCENT_COLOR_NAME = AccentColor;
				CODE_SIGN_STYLE = Automatic;
				CURRENT_PROJECT_VERSION = 1;
				DEVELOPMENT_TEAM = F5V6SHSAQ4;
				GENERATE_INFOPLIST_FILE = YES;
				INFOPLIST_FILE = SmartTools/Info.plist;
				INFOPLIST_KEY_NSBluetoothAlwaysUsageDescription = "APP想使用蓝牙连接外围设备";
				INFOPLIST_KEY_UIApplicationSupportsIndirectInputEvents = YES;
				INFOPLIST_KEY_UILaunchStoryboardName = LaunchScreen;
				INFOPLIST_KEY_UIMainStoryboardFile = Main;
				INFOPLIST_KEY_UISupportedInterfaceOrientations_iPad = "UIInterfaceOrientationPortrait UIInterfaceOrientationPortraitUpsideDown UIInterfaceOrientationLandscapeLeft UIInterfaceOrientationLandscapeRight";
				INFOPLIST_KEY_UISupportedInterfaceOrientations_iPhone = "UIInterfaceOrientationPortrait UIInterfaceOrientationLandscapeLeft UIInterfaceOrientationLandscapeRight";
				LD_RUNPATH_SEARCH_PATHS = (
					"$(inherited)",
					"@executable_path/Frameworks",
				);
				MARKETING_VERSION = 1.0;
				PRODUCT_BUNDLE_IDENTIFIER = "LGT.SmartTools-1-6";
				PRODUCT_NAME = "$(TARGET_NAME)";
				SWIFT_EMIT_LOC_STRINGS = YES;
				TARGETED_DEVICE_FAMILY = "1,2";
			};
			name = Debug;
		};
		9944291F294FFA340086ACA0 /* Release */ = {
			isa = XCBuildConfiguration;
			buildSettings = {
				ASSETCATALOG_COMPILER_APPICON_NAME = AppIcon;
				ASSETCATALOG_COMPILER_GLOBAL_ACCENT_COLOR_NAME = AccentColor;
				CODE_SIGN_STYLE = Automatic;
				CURRENT_PROJECT_VERSION = 1;
				DEVELOPMENT_TEAM = F5V6SHSAQ4;
				GENERATE_INFOPLIST_FILE = YES;
				INFOPLIST_FILE = SmartTools/Info.plist;
				INFOPLIST_KEY_NSBluetoothAlwaysUsageDescription = "APP想使用蓝牙连接外围设备";
				INFOPLIST_KEY_UIApplicationSupportsIndirectInputEvents = YES;
				INFOPLIST_KEY_UILaunchStoryboardName = LaunchScreen;
				INFOPLIST_KEY_UIMainStoryboardFile = Main;
				INFOPLIST_KEY_UISupportedInterfaceOrientations_iPad = "UIInterfaceOrientationPortrait UIInterfaceOrientationPortraitUpsideDown UIInterfaceOrientationLandscapeLeft UIInterfaceOrientationLandscapeRight";
				INFOPLIST_KEY_UISupportedInterfaceOrientations_iPhone = "UIInterfaceOrientationPortrait UIInterfaceOrientationLandscapeLeft UIInterfaceOrientationLandscapeRight";
				LD_RUNPATH_SEARCH_PATHS = (
					"$(inherited)",
					"@executable_path/Frameworks",
				);
				MARKETING_VERSION = 1.0;
				PRODUCT_BUNDLE_IDENTIFIER = "LGT.SmartTools-1-6";
				PRODUCT_NAME = "$(TARGET_NAME)";
				SWIFT_EMIT_LOC_STRINGS = YES;
				TARGETED_DEVICE_FAMILY = "1,2";
			};
			name = Release;
		};
/* End XCBuildConfiguration section */

/* Begin XCConfigurationList section */
		994428FF294FFA320086ACA0 /* Build configuration list for PBXProject "SmartTools" */ = {
			isa = XCConfigurationList;
			buildConfigurations = (
				9944291B294FFA340086ACA0 /* Debug */,
				9944291C294FFA340086ACA0 /* Release */,
			);
			defaultConfigurationIsVisible = 0;
			defaultConfigurationName = Release;
		};
		9944291D294FFA340086ACA0 /* Build configuration list for PBXNativeTarget "SmartTools" */ = {
			isa = XCConfigurationList;
			buildConfigurations = (
				9944291E294FFA340086ACA0 /* Debug */,
				9944291F294FFA340086ACA0 /* Release */,
			);
			defaultConfigurationIsVisible = 0;
			defaultConfigurationName = Release;
		};
/* End XCConfigurationList section */
	};
	rootObject = 994428FC294FFA320086ACA0 /* Project object */;
}
